// !$*UTF8*$!
{
	archiveVersion = 1;
	classes = {
	};
	objectVersion = 46;
	objects = {

/* Begin PBXBuildFile section */
		11074CDD6FD1E0CADCB8CF2B /* libPods-SID_RN_Sample.a in Frameworks */ = {isa = PBXBuildFile; fileRef = 74ECECE0D120AC3817408327 /* libPods-SID_RN_Sample.a */; };
		13B07FBC1A68108700A75B9A /* AppDelegate.m in Sources */ = {isa = PBXBuildFile; fileRef = 13B07FB01A68108700A75B9A /* AppDelegate.m */; };
		13B07FBF1A68108700A75B9A /* Images.xcassets in Resources */ = {isa = PBXBuildFile; fileRef = 13B07FB51A68108700A75B9A /* Images.xcassets */; };
		13B07FC11A68108700A75B9A /* main.m in Sources */ = {isa = PBXBuildFile; fileRef = 13B07FB71A68108700A75B9A /* main.m */; };
		3E461D99554A48A4959DE609 /* SplashScreen.storyboard in Resources */ = {isa = PBXBuildFile; fileRef = AA286B85B6C04FC6940260E9 /* SplashScreen.storyboard */; };
		B05A662E27CC003100048D02 /* SIDEventEmitter.swift in Sources */ = {isa = PBXBuildFile; fileRef = B05A662D27CC003100048D02 /* SIDEventEmitter.swift */; };
		B05A663027CC00AC00048D02 /* SIDReactNativeEventEmitter.swift in Sources */ = {isa = PBXBuildFile; fileRef = B05A662F27CC00AC00048D02 /* SIDReactNativeEventEmitter.swift */; };
		B05A663227CC00EC00048D02 /* SIDReactNativeEventEmitter.m in Sources */ = {isa = PBXBuildFile; fileRef = B05A663127CC00EC00048D02 /* SIDReactNativeEventEmitter.m */; };
		BB2F792D24A3F905000567C9 /* Expo.plist in Resources */ = {isa = PBXBuildFile; fileRef = BB2F792C24A3F905000567C9 /* Expo.plist */; };
/* End PBXBuildFile section */

/* Begin PBXFileReference section */
		008F07F21AC5B25A0029DE68 /* main.jsbundle */ = {isa = PBXFileReference; fileEncoding = 4; lastKnownFileType = text; path = main.jsbundle; sourceTree = "<group>"; };
		13B07F961A680F5B00A75B9A /* SID_RN_Sample.app */ = {isa = PBXFileReference; explicitFileType = wrapper.application; includeInIndex = 0; path = SID_RN_Sample.app; sourceTree = BUILT_PRODUCTS_DIR; };
		13B07FAF1A68108700A75B9A /* AppDelegate.h */ = {isa = PBXFileReference; fileEncoding = 4; lastKnownFileType = sourcecode.c.h; name = AppDelegate.h; path = SID_RN_Sample/AppDelegate.h; sourceTree = "<group>"; };
		13B07FB01A68108700A75B9A /* AppDelegate.m */ = {isa = PBXFileReference; fileEncoding = 4; lastKnownFileType = sourcecode.c.objc; name = AppDelegate.m; path = SID_RN_Sample/AppDelegate.m; sourceTree = "<group>"; };
		13B07FB51A68108700A75B9A /* Images.xcassets */ = {isa = PBXFileReference; lastKnownFileType = folder.assetcatalog; name = Images.xcassets; path = SID_RN_Sample/Images.xcassets; sourceTree = "<group>"; };
		13B07FB61A68108700A75B9A /* Info.plist */ = {isa = PBXFileReference; fileEncoding = 4; lastKnownFileType = text.plist.xml; name = Info.plist; path = SID_RN_Sample/Info.plist; sourceTree = "<group>"; };
		13B07FB71A68108700A75B9A /* main.m */ = {isa = PBXFileReference; fileEncoding = 4; lastKnownFileType = sourcecode.c.objc; name = main.m; path = SID_RN_Sample/main.m; sourceTree = "<group>"; };
		74ECECE0D120AC3817408327 /* libPods-SID_RN_Sample.a */ = {isa = PBXFileReference; explicitFileType = archive.ar; includeInIndex = 0; path = "libPods-SID_RN_Sample.a"; sourceTree = BUILT_PRODUCTS_DIR; };
		A459986507D0935946C27CC2 /* Pods-SID_RN_Sample.release.xcconfig */ = {isa = PBXFileReference; includeInIndex = 1; lastKnownFileType = text.xcconfig; name = "Pods-SID_RN_Sample.release.xcconfig"; path = "Target Support Files/Pods-SID_RN_Sample/Pods-SID_RN_Sample.release.xcconfig"; sourceTree = "<group>"; };
		AA286B85B6C04FC6940260E9 /* SplashScreen.storyboard */ = {isa = PBXFileReference; fileEncoding = 4; lastKnownFileType = file.storyboard; name = SplashScreen.storyboard; path = SID_RN_Sample/SplashScreen.storyboard; sourceTree = "<group>"; };
		B00F6F1627CC7AFF00E25744 /* ios */ = {isa = PBXFileReference; lastKnownFileType = folder; path = ios; sourceTree = "<group>"; };
		B05A662D27CC003100048D02 /* SIDEventEmitter.swift */ = {isa = PBXFileReference; lastKnownFileType = sourcecode.swift; path = SIDEventEmitter.swift; sourceTree = "<group>"; };
		B05A662F27CC00AC00048D02 /* SIDReactNativeEventEmitter.swift */ = {isa = PBXFileReference; lastKnownFileType = sourcecode.swift; path = SIDReactNativeEventEmitter.swift; sourceTree = "<group>"; };
		B05A663127CC00EC00048D02 /* SIDReactNativeEventEmitter.m */ = {isa = PBXFileReference; lastKnownFileType = sourcecode.c.objc; path = SIDReactNativeEventEmitter.m; sourceTree = "<group>"; };
		BB2F792C24A3F905000567C9 /* Expo.plist */ = {isa = PBXFileReference; fileEncoding = 4; lastKnownFileType = text.plist.xml; path = Expo.plist; sourceTree = "<group>"; };
		ECF081FDB9D9FA3BB1C6C46C /* Pods-SID_RN_Sample.debug.xcconfig */ = {isa = PBXFileReference; includeInIndex = 1; lastKnownFileType = text.xcconfig; name = "Pods-SID_RN_Sample.debug.xcconfig"; path = "Target Support Files/Pods-SID_RN_Sample/Pods-SID_RN_Sample.debug.xcconfig"; sourceTree = "<group>"; };
		ED297162215061F000B7C4FE /* JavaScriptCore.framework */ = {isa = PBXFileReference; lastKnownFileType = wrapper.framework; name = JavaScriptCore.framework; path = System/Library/Frameworks/JavaScriptCore.framework; sourceTree = SDKROOT; };
/* End PBXFileReference section */

/* Begin PBXFrameworksBuildPhase section */
		13B07F8C1A680F5B00A75B9A /* Frameworks */ = {
			isa = PBXFrameworksBuildPhase;
			buildActionMask = 2147483647;
			files = (
				11074CDD6FD1E0CADCB8CF2B /* libPods-SID_RN_Sample.a in Frameworks */,
			);
			runOnlyForDeploymentPostprocessing = 0;
		};
/* End PBXFrameworksBuildPhase section */

/* Begin PBXGroup section */
		13B07FAE1A68108700A75B9A /* SID_RN_Sample */ = {
			isa = PBXGroup;
			children = (
				BB2F792B24A3F905000567C9 /* Supporting */,
				008F07F21AC5B25A0029DE68 /* main.jsbundle */,
				13B07FAF1A68108700A75B9A /* AppDelegate.h */,
				13B07FB01A68108700A75B9A /* AppDelegate.m */,
				13B07FB51A68108700A75B9A /* Images.xcassets */,
				13B07FB61A68108700A75B9A /* Info.plist */,
				13B07FB71A68108700A75B9A /* main.m */,
				AA286B85B6C04FC6940260E9 /* SplashScreen.storyboard */,
			);
			name = SID_RN_Sample;
			sourceTree = "<group>";
		};
		2D16E6871FA4F8E400B85C8A /* Frameworks */ = {
			isa = PBXGroup;
			children = (
				ED297162215061F000B7C4FE /* JavaScriptCore.framework */,
				74ECECE0D120AC3817408327 /* libPods-SID_RN_Sample.a */,
			);
			name = Frameworks;
			sourceTree = "<group>";
		};
		832341AE1AAA6A7D00B99B32 /* Libraries */ = {
			isa = PBXGroup;
			children = (
			);
			name = Libraries;
			sourceTree = "<group>";
		};
		83CBB9F61A601CBA00E9B192 = {
			isa = PBXGroup;
			children = (
				B00F6F1627CC7AFF00E25744 /* ios */,
				B05A662D27CC003100048D02 /* SIDEventEmitter.swift */,
				B05A662F27CC00AC00048D02 /* SIDReactNativeEventEmitter.swift */,
				B05A663127CC00EC00048D02 /* SIDReactNativeEventEmitter.m */,
				13B07FAE1A68108700A75B9A /* SID_RN_Sample */,
				832341AE1AAA6A7D00B99B32 /* Libraries */,
				83CBBA001A601CBA00E9B192 /* Products */,
				2D16E6871FA4F8E400B85C8A /* Frameworks */,
				D65327D7A22EEC0BE12398D9 /* Pods */,
			);
			indentWidth = 2;
			sourceTree = "<group>";
			tabWidth = 2;
			usesTabs = 0;
		};
		83CBBA001A601CBA00E9B192 /* Products */ = {
			isa = PBXGroup;
			children = (
				13B07F961A680F5B00A75B9A /* SID_RN_Sample.app */,
			);
			name = Products;
			sourceTree = "<group>";
		};
		BB2F792B24A3F905000567C9 /* Supporting */ = {
			isa = PBXGroup;
			children = (
				BB2F792C24A3F905000567C9 /* Expo.plist */,
			);
			name = Supporting;
			path = SID_RN_Sample/Supporting;
			sourceTree = "<group>";
		};
		D65327D7A22EEC0BE12398D9 /* Pods */ = {
			isa = PBXGroup;
			children = (
				ECF081FDB9D9FA3BB1C6C46C /* Pods-SID_RN_Sample.debug.xcconfig */,
				A459986507D0935946C27CC2 /* Pods-SID_RN_Sample.release.xcconfig */,
			);
			path = Pods;
			sourceTree = "<group>";
		};
/* End PBXGroup section */

/* Begin PBXNativeTarget section */
		13B07F861A680F5B00A75B9A /* SID_RN_Sample */ = {
			isa = PBXNativeTarget;
			buildConfigurationList = 13B07F931A680F5B00A75B9A /* Build configuration list for PBXNativeTarget "SID_RN_Sample" */;
			buildPhases = (
				32CD4735F02FF9946B2AD22B /* [CP] Check Pods Manifest.lock */,
				FD10A7F022414F080027D42C /* Start Packager */,
				13B07F871A680F5B00A75B9A /* Sources */,
				13B07F8C1A680F5B00A75B9A /* Frameworks */,
				13B07F8E1A680F5B00A75B9A /* Resources */,
				00DD1BFF1BD5951E006B06BC /* Bundle React Native code and images */,
				2DEA506B484B931C2684668C /* [CP] Embed Pods Frameworks */,
				EECD9961D04C57FD2BD6F6AE /* [CP] Copy Pods Resources */,
			);
			buildRules = (
			);
			dependencies = (
			);
			name = SID_RN_Sample;
			productName = SID_RN_Sample;
			productReference = 13B07F961A680F5B00A75B9A /* SID_RN_Sample.app */;
			productType = "com.apple.product-type.application";
		};
/* End PBXNativeTarget section */

/* Begin PBXProject section */
		83CBB9F71A601CBA00E9B192 /* Project object */ = {
			isa = PBXProject;
			attributes = {
				LastUpgradeCheck = 1130;
				TargetAttributes = {
					13B07F861A680F5B00A75B9A = {
						DevelopmentTeam = 99P7YGX9Q6;
						LastSwiftMigration = 1320;
					};
				};
			};
			buildConfigurationList = 83CBB9FA1A601CBA00E9B192 /* Build configuration list for PBXProject "SID_RN_Sample" */;
			compatibilityVersion = "Xcode 3.2";
			developmentRegion = en;
			hasScannedForEncodings = 0;
			knownRegions = (
				en,
				Base,
			);
			mainGroup = 83CBB9F61A601CBA00E9B192;
			productRefGroup = 83CBBA001A601CBA00E9B192 /* Products */;
			projectDirPath = "";
			projectRoot = "";
			targets = (
				13B07F861A680F5B00A75B9A /* SID_RN_Sample */,
			);
		};
/* End PBXProject section */

/* Begin PBXResourcesBuildPhase section */
		13B07F8E1A680F5B00A75B9A /* Resources */ = {
			isa = PBXResourcesBuildPhase;
			buildActionMask = 2147483647;
			files = (
				BB2F792D24A3F905000567C9 /* Expo.plist in Resources */,
				13B07FBF1A68108700A75B9A /* Images.xcassets in Resources */,
				3E461D99554A48A4959DE609 /* SplashScreen.storyboard in Resources */,
			);
			runOnlyForDeploymentPostprocessing = 0;
		};
/* End PBXResourcesBuildPhase section */

/* Begin PBXShellScriptBuildPhase section */
		00DD1BFF1BD5951E006B06BC /* Bundle React Native code and images */ = {
			isa = PBXShellScriptBuildPhase;
			buildActionMask = 2147483647;
			files = (
			);
			inputPaths = (
			);
			name = "Bundle React Native code and images";
			outputPaths = (
			);
			runOnlyForDeploymentPostprocessing = 0;
			shellPath = /bin/sh;
			shellScript = "export NODE_BINARY=node\n\n# The project root by default is one level up from the ios directory\nexport PROJECT_ROOT=\"$PROJECT_DIR\"/..\n\n`node --print \"require('path').dirname(require.resolve('react-native/package.json')) + '/scripts/react-native-xcode.sh'\"`\n";
		};
		2DEA506B484B931C2684668C /* [CP] Embed Pods Frameworks */ = {
			isa = PBXShellScriptBuildPhase;
			buildActionMask = 2147483647;
			files = (
			);
			inputPaths = (
				"${PODS_ROOT}/Target Support Files/Pods-SID_RN_Sample/Pods-SID_RN_Sample-frameworks.sh",
				"${PODS_XCFRAMEWORKS_BUILD_DIR}/Flipper-DoubleConversion/double-conversion.framework/double-conversion",
				"${PODS_XCFRAMEWORKS_BUILD_DIR}/OpenSSL-Universal/OpenSSL.framework/OpenSSL",
			);
			name = "[CP] Embed Pods Frameworks";
			outputPaths = (
				"${TARGET_BUILD_DIR}/${FRAMEWORKS_FOLDER_PATH}/double-conversion.framework",
				"${TARGET_BUILD_DIR}/${FRAMEWORKS_FOLDER_PATH}/OpenSSL.framework",
			);
			runOnlyForDeploymentPostprocessing = 0;
			shellPath = /bin/sh;
			shellScript = "\"${PODS_ROOT}/Target Support Files/Pods-SID_RN_Sample/Pods-SID_RN_Sample-frameworks.sh\"\n";
			showEnvVarsInLog = 0;
		};
		32CD4735F02FF9946B2AD22B /* [CP] Check Pods Manifest.lock */ = {
			isa = PBXShellScriptBuildPhase;
			buildActionMask = 2147483647;
			files = (
			);
			inputFileListPaths = (
			);
			inputPaths = (
				"${PODS_PODFILE_DIR_PATH}/Podfile.lock",
				"${PODS_ROOT}/Manifest.lock",
			);
			name = "[CP] Check Pods Manifest.lock";
			outputFileListPaths = (
			);
			outputPaths = (
				"$(DERIVED_FILE_DIR)/Pods-SID_RN_Sample-checkManifestLockResult.txt",
			);
			runOnlyForDeploymentPostprocessing = 0;
			shellPath = /bin/sh;
			shellScript = "diff \"${PODS_PODFILE_DIR_PATH}/Podfile.lock\" \"${PODS_ROOT}/Manifest.lock\" > /dev/null\nif [ $? != 0 ] ; then\n    # print error to STDERR\n    echo \"error: The sandbox is not in sync with the Podfile.lock. Run 'pod install' or update your CocoaPods installation.\" >&2\n    exit 1\nfi\n# This output is used by Xcode 'outputs' to avoid re-running this script phase.\necho \"SUCCESS\" > \"${SCRIPT_OUTPUT_FILE_0}\"\n";
			showEnvVarsInLog = 0;
		};
		EECD9961D04C57FD2BD6F6AE /* [CP] Copy Pods Resources */ = {
			isa = PBXShellScriptBuildPhase;
			buildActionMask = 2147483647;
			files = (
			);
			inputPaths = (
				"${PODS_ROOT}/Target Support Files/Pods-SID_RN_Sample/Pods-SID_RN_Sample-resources.sh",
				"${PODS_CONFIGURATION_BUILD_DIR}/MLKitFaceDetection/GoogleMVFaceDetectorResources.bundle",
				"${PODS_CONFIGURATION_BUILD_DIR}/React-Core/AccessibilityResources.bundle",
				"${PODS_ROOT}/Smile_Identity_SDK/Smile_Identity_SDK.xcframework/ios-arm64/Smile_Identity_SDK.framework/cancel.png",
				"${PODS_ROOT}/Smile_Identity_SDK/Smile_Identity_SDK.xcframework/ios-arm64/Smile_Identity_SDK.framework/cancel_icon.png",
				"${PODS_ROOT}/Smile_Identity_SDK/Smile_Identity_SDK.xcframework/ios-arm64/Smile_Identity_SDK.framework/ConsentActionsTableViewCell.nib",
				"${PODS_ROOT}/Smile_Identity_SDK/Smile_Identity_SDK.xcframework/ios-arm64/Smile_Identity_SDK.framework/ConsentHeaderTableViewCell.nib",
				"${PODS_ROOT}/Smile_Identity_SDK/Smile_Identity_SDK.xcframework/ios-arm64/Smile_Identity_SDK.framework/ConsentInfoTableViewCell.nib",
				"${PODS_ROOT}/Smile_Identity_SDK/Smile_Identity_SDK.xcframework/ios-arm64/Smile_Identity_SDK.framework/ConsentItemTableViewCell.nib",
				"${PODS_ROOT}/Smile_Identity_SDK/Smile_Identity_SDK.xcframework/ios-arm64/Smile_Identity_SDK.framework/ic_close.png",
				"${PODS_ROOT}/Smile_Identity_SDK/Smile_Identity_SDK.xcframework/ios-arm64/Smile_Identity_SDK.framework/ic_contact_info.png",
				"${PODS_ROOT}/Smile_Identity_SDK/Smile_Identity_SDK.xcframework/ios-arm64/Smile_Identity_SDK.framework/ic_doc_info.png",
				"${PODS_ROOT}/Smile_Identity_SDK/Smile_Identity_SDK.xcframework/ios-arm64/Smile_Identity_SDK.framework/ic_info_btn.png",
				"${PODS_ROOT}/Smile_Identity_SDK/Smile_Identity_SDK.xcframework/ios-arm64/Smile_Identity_SDK.framework/ic_personal_details.png",
				"${PODS_ROOT}/Smile_Identity_SDK/Smile_Identity_SDK.xcframework/ios-arm64/Smile_Identity_SDK.framework/ic_security_icon.png",
				"${PODS_ROOT}/Smile_Identity_SDK/Smile_Identity_SDK.xcframework/ios-arm64/Smile_Identity_SDK.framework/img_smile_power.png",
				"${PODS_ROOT}/Smile_Identity_SDK/Smile_Identity_SDK.xcframework/ios-arm64/Smile_Identity_SDK.framework/logo.png",
				"${PODS_ROOT}/Smile_Identity_SDK/Smile_Identity_SDK.xcframework/ios-arm64/Smile_Identity_SDK.framework/smile_logo.png",
				"${PODS_ROOT}/Smile_Identity_SDK/Smile_Identity_SDK.xcframework/ios-arm64/Smile_Identity_SDK.framework/tick.png",
				"${PODS_ROOT}/Smile_Identity_SDK/Smile_Identity_SDK.xcframework/ios-x86_64-simulator/Smile_Identity_SDK.framework/cancel.png",
				"${PODS_ROOT}/Smile_Identity_SDK/Smile_Identity_SDK.xcframework/ios-x86_64-simulator/Smile_Identity_SDK.framework/cancel_icon.png",
				"${PODS_ROOT}/Smile_Identity_SDK/Smile_Identity_SDK.xcframework/ios-x86_64-simulator/Smile_Identity_SDK.framework/ConsentActionsTableViewCell.nib",
				"${PODS_ROOT}/Smile_Identity_SDK/Smile_Identity_SDK.xcframework/ios-x86_64-simulator/Smile_Identity_SDK.framework/ConsentHeaderTableViewCell.nib",
				"${PODS_ROOT}/Smile_Identity_SDK/Smile_Identity_SDK.xcframework/ios-x86_64-simulator/Smile_Identity_SDK.framework/ConsentInfoTableViewCell.nib",
				"${PODS_ROOT}/Smile_Identity_SDK/Smile_Identity_SDK.xcframework/ios-x86_64-simulator/Smile_Identity_SDK.framework/ConsentItemTableViewCell.nib",
				"${PODS_ROOT}/Smile_Identity_SDK/Smile_Identity_SDK.xcframework/ios-x86_64-simulator/Smile_Identity_SDK.framework/ic_close.png",
				"${PODS_ROOT}/Smile_Identity_SDK/Smile_Identity_SDK.xcframework/ios-x86_64-simulator/Smile_Identity_SDK.framework/ic_contact_info.png",
				"${PODS_ROOT}/Smile_Identity_SDK/Smile_Identity_SDK.xcframework/ios-x86_64-simulator/Smile_Identity_SDK.framework/ic_doc_info.png",
				"${PODS_ROOT}/Smile_Identity_SDK/Smile_Identity_SDK.xcframework/ios-x86_64-simulator/Smile_Identity_SDK.framework/ic_info_btn.png",
				"${PODS_ROOT}/Smile_Identity_SDK/Smile_Identity_SDK.xcframework/ios-x86_64-simulator/Smile_Identity_SDK.framework/ic_personal_details.png",
				"${PODS_ROOT}/Smile_Identity_SDK/Smile_Identity_SDK.xcframework/ios-x86_64-simulator/Smile_Identity_SDK.framework/ic_security_icon.png",
				"${PODS_ROOT}/Smile_Identity_SDK/Smile_Identity_SDK.xcframework/ios-x86_64-simulator/Smile_Identity_SDK.framework/img_smile_power.png",
				"${PODS_ROOT}/Smile_Identity_SDK/Smile_Identity_SDK.xcframework/ios-x86_64-simulator/Smile_Identity_SDK.framework/logo.png",
				"${PODS_ROOT}/Smile_Identity_SDK/Smile_Identity_SDK.xcframework/ios-x86_64-simulator/Smile_Identity_SDK.framework/smile_logo.png",
				"${PODS_ROOT}/Smile_Identity_SDK/Smile_Identity_SDK.xcframework/ios-x86_64-simulator/Smile_Identity_SDK.framework/tick.png",
				"${PODS_ROOT}/Smile_Identity_SDK/Smile_Identity_SDK.xcframework/ios-arm64/Smile_Identity_SDK.framework/ConsentAlertViewController.nib",
				"${PODS_ROOT}/Smile_Identity_SDK/Smile_Identity_SDK.xcframework/ios-arm64/Smile_Identity_SDK.framework/SIDConsentScreenViewController.nib",
				"${PODS_ROOT}/Smile_Identity_SDK/Smile_Identity_SDK.xcframework/ios-arm64/Smile_Identity_SDK.framework/SIDIDCardViewController.nib",
				"${PODS_ROOT}/Smile_Identity_SDK/Smile_Identity_SDK.xcframework/ios-arm64/Smile_Identity_SDK.framework/SIDSelfieReviewViewController.nib",
				"${PODS_ROOT}/Smile_Identity_SDK/Smile_Identity_SDK.xcframework/ios-arm64/Smile_Identity_SDK.framework/SIDSelfieViewController.nib",
				"${PODS_ROOT}/Smile_Identity_SDK/Smile_Identity_SDK.xcframework/ios-x86_64-simulator/Smile_Identity_SDK.framework/ConsentAlertViewController.nib",
				"${PODS_ROOT}/Smile_Identity_SDK/Smile_Identity_SDK.xcframework/ios-x86_64-simulator/Smile_Identity_SDK.framework/SIDConsentScreenViewController.nib",
				"${PODS_ROOT}/Smile_Identity_SDK/Smile_Identity_SDK.xcframework/ios-x86_64-simulator/Smile_Identity_SDK.framework/SIDIDCardViewController.nib",
				"${PODS_ROOT}/Smile_Identity_SDK/Smile_Identity_SDK.xcframework/ios-x86_64-simulator/Smile_Identity_SDK.framework/SIDSelfieReviewViewController.nib",
				"${PODS_ROOT}/Smile_Identity_SDK/Smile_Identity_SDK.xcframework/ios-x86_64-simulator/Smile_Identity_SDK.framework/SIDSelfieViewController.nib",
			);
			name = "[CP] Copy Pods Resources";
			outputPaths = (
				"${TARGET_BUILD_DIR}/${UNLOCALIZED_RESOURCES_FOLDER_PATH}/GoogleMVFaceDetectorResources.bundle",
				"${TARGET_BUILD_DIR}/${UNLOCALIZED_RESOURCES_FOLDER_PATH}/AccessibilityResources.bundle",
				"${TARGET_BUILD_DIR}/${UNLOCALIZED_RESOURCES_FOLDER_PATH}/cancel.png",
				"${TARGET_BUILD_DIR}/${UNLOCALIZED_RESOURCES_FOLDER_PATH}/cancel_icon.png",
				"${TARGET_BUILD_DIR}/${UNLOCALIZED_RESOURCES_FOLDER_PATH}/ConsentActionsTableViewCell.nib",
				"${TARGET_BUILD_DIR}/${UNLOCALIZED_RESOURCES_FOLDER_PATH}/ConsentHeaderTableViewCell.nib",
				"${TARGET_BUILD_DIR}/${UNLOCALIZED_RESOURCES_FOLDER_PATH}/ConsentInfoTableViewCell.nib",
				"${TARGET_BUILD_DIR}/${UNLOCALIZED_RESOURCES_FOLDER_PATH}/ConsentItemTableViewCell.nib",
				"${TARGET_BUILD_DIR}/${UNLOCALIZED_RESOURCES_FOLDER_PATH}/ic_close.png",
				"${TARGET_BUILD_DIR}/${UNLOCALIZED_RESOURCES_FOLDER_PATH}/ic_contact_info.png",
				"${TARGET_BUILD_DIR}/${UNLOCALIZED_RESOURCES_FOLDER_PATH}/ic_doc_info.png",
				"${TARGET_BUILD_DIR}/${UNLOCALIZED_RESOURCES_FOLDER_PATH}/ic_info_btn.png",
				"${TARGET_BUILD_DIR}/${UNLOCALIZED_RESOURCES_FOLDER_PATH}/ic_personal_details.png",
				"${TARGET_BUILD_DIR}/${UNLOCALIZED_RESOURCES_FOLDER_PATH}/ic_security_icon.png",
				"${TARGET_BUILD_DIR}/${UNLOCALIZED_RESOURCES_FOLDER_PATH}/img_smile_power.png",
				"${TARGET_BUILD_DIR}/${UNLOCALIZED_RESOURCES_FOLDER_PATH}/logo.png",
				"${TARGET_BUILD_DIR}/${UNLOCALIZED_RESOURCES_FOLDER_PATH}/smile_logo.png",
				"${TARGET_BUILD_DIR}/${UNLOCALIZED_RESOURCES_FOLDER_PATH}/tick.png",
				"${TARGET_BUILD_DIR}/${UNLOCALIZED_RESOURCES_FOLDER_PATH}/ConsentAlertViewController.nib",
				"${TARGET_BUILD_DIR}/${UNLOCALIZED_RESOURCES_FOLDER_PATH}/SIDConsentScreenViewController.nib",
				"${TARGET_BUILD_DIR}/${UNLOCALIZED_RESOURCES_FOLDER_PATH}/SIDIDCardViewController.nib",
				"${TARGET_BUILD_DIR}/${UNLOCALIZED_RESOURCES_FOLDER_PATH}/SIDSelfieReviewViewController.nib",
				"${TARGET_BUILD_DIR}/${UNLOCALIZED_RESOURCES_FOLDER_PATH}/SIDSelfieViewController.nib",
			);
			runOnlyForDeploymentPostprocessing = 0;
			shellPath = /bin/sh;
			shellScript = "\"${PODS_ROOT}/Target Support Files/Pods-SID_RN_Sample/Pods-SID_RN_Sample-resources.sh\"\n";
			showEnvVarsInLog = 0;
		};
		FD10A7F022414F080027D42C /* Start Packager */ = {
			isa = PBXShellScriptBuildPhase;
			buildActionMask = 2147483647;
			files = (
			);
			inputFileListPaths = (
			);
			inputPaths = (
			);
			name = "Start Packager";
			outputFileListPaths = (
			);
			outputPaths = (
			);
			runOnlyForDeploymentPostprocessing = 0;
			shellPath = /bin/sh;
			shellScript = "export RCT_METRO_PORT=\"${RCT_METRO_PORT:=8081}\"\necho \"export RCT_METRO_PORT=${RCT_METRO_PORT}\" > `node --print \"require('path').dirname(require.resolve('react-native/package.json')) + '/scripts/.packager.env'\"`\nif [ -z \"${RCT_NO_LAUNCH_PACKAGER+xxx}\" ] ; then\n  if nc -w 5 -z localhost ${RCT_METRO_PORT} ; then\n    if ! curl -s \"http://localhost:${RCT_METRO_PORT}/status\" | grep -q \"packager-status:running\" ; then\n      echo \"Port ${RCT_METRO_PORT} already in use, packager is either not running or not running correctly\"\n      exit 2\n    fi\n  else\n    open `node --print \"require('path').dirname(require.resolve('react-native/package.json')) + '/scripts/launchPackager.command'\"` || echo \"Can't start packager automatically\"\n  fi\nfi\n";
			showEnvVarsInLog = 0;
		};
/* End PBXShellScriptBuildPhase section */

/* Begin PBXSourcesBuildPhase section */
		13B07F871A680F5B00A75B9A /* Sources */ = {
			isa = PBXSourcesBuildPhase;
			buildActionMask = 2147483647;
			files = (
				13B07FBC1A68108700A75B9A /* AppDelegate.m in Sources */,
				B05A662E27CC003100048D02 /* SIDEventEmitter.swift in Sources */,
				B05A663027CC00AC00048D02 /* SIDReactNativeEventEmitter.swift in Sources */,
				B05A663227CC00EC00048D02 /* SIDReactNativeEventEmitter.m in Sources */,
				13B07FC11A68108700A75B9A /* main.m in Sources */,
			);
			runOnlyForDeploymentPostprocessing = 0;
		};
/* End PBXSourcesBuildPhase section */

/* Begin XCBuildConfiguration section */
		13B07F941A680F5B00A75B9A /* Debug */ = {
			isa = XCBuildConfiguration;
			baseConfigurationReference = ECF081FDB9D9FA3BB1C6C46C /* Pods-SID_RN_Sample.debug.xcconfig */;
			buildSettings = {
				ARCHS = "$(ARCHS_STANDARD)";
				ASSETCATALOG_COMPILER_APPICON_NAME = AppIcon;
				CLANG_ENABLE_MODULES = YES;
				CURRENT_PROJECT_VERSION = 1;
				DEVELOPMENT_TEAM = 99P7YGX9Q6;
				ENABLE_BITCODE = YES;
				EXCLUDED_ARCHS = "";
				GCC_PREPROCESSOR_DEFINITIONS = (
					"$(inherited)",
					"FB_SONARKIT_ENABLED=1",
				);
				INFOPLIST_FILE = SID_RN_Sample/Info.plist;
				IPHONEOS_DEPLOYMENT_TARGET = 12.0;
				LD_RUNPATH_SEARCH_PATHS = "$(inherited) @executable_path/Frameworks";
				LIBRARY_SEARCH_PATHS = (
					"\"$(inherited)\"",
					"\"$(SRCROOT)\"/**",
				);
				OTHER_LDFLAGS = (
					"$(inherited)",
					"-ObjC",
					"-lc++",
				);
				PRODUCT_BUNDLE_IDENTIFIER = com.smileid.reactnative;
				PRODUCT_NAME = SID_RN_Sample;
				SWIFT_OBJC_BRIDGING_HEADER = "";
				SWIFT_OPTIMIZATION_LEVEL = "-Onone";
				SWIFT_VERSION = 5.0;
				VALID_ARCHS = "i386 armv7 armv7s x86_64";
				VERSIONING_SYSTEM = "apple-generic";
			};
			name = Debug;
		};
		13B07F951A680F5B00A75B9A /* Release */ = {
			isa = XCBuildConfiguration;
			baseConfigurationReference = A459986507D0935946C27CC2 /* Pods-SID_RN_Sample.release.xcconfig */;
			buildSettings = {
				ARCHS = "$(ARCHS_STANDARD)";
				ASSETCATALOG_COMPILER_APPICON_NAME = AppIcon;
				CLANG_ENABLE_MODULES = YES;
				CURRENT_PROJECT_VERSION = 1;
				DEVELOPMENT_TEAM = 99P7YGX9Q6;
				EXCLUDED_ARCHS = "";
				INFOPLIST_FILE = SID_RN_Sample/Info.plist;
				IPHONEOS_DEPLOYMENT_TARGET = 12.0;
				LD_RUNPATH_SEARCH_PATHS = "$(inherited) @executable_path/Frameworks";
				LIBRARY_SEARCH_PATHS = "\"$(inherited)\"";
				ONLY_ACTIVE_ARCH = YES;
				OTHER_LDFLAGS = (
					"$(inherited)",
					"-ObjC",
					"-lc++",
				);
				PRODUCT_BUNDLE_IDENTIFIER = com.smileid.reactnative;
				PRODUCT_NAME = SID_RN_Sample;
				SWIFT_OBJC_BRIDGING_HEADER = "";
				SWIFT_VERSION = 5.0;
				VALID_ARCHS = "i386 armv7 armv7s";
				VERSIONING_SYSTEM = "apple-generic";
			};
			name = Release;
		};
		83CBBA201A601CBA00E9B192 /* Debug */ = {
			isa = XCBuildConfiguration;
			buildSettings = {
				ALWAYS_SEARCH_USER_PATHS = NO;
				CLANG_ANALYZER_LOCALIZABILITY_NONLOCALIZED = YES;
				CLANG_CXX_LANGUAGE_STANDARD = "gnu++0x";
				CLANG_CXX_LIBRARY = "libc++";
				CLANG_ENABLE_MODULES = YES;
				CLANG_ENABLE_OBJC_ARC = YES;
				CLANG_WARN_BLOCK_CAPTURE_AUTORELEASING = YES;
				CLANG_WARN_BOOL_CONVERSION = YES;
				CLANG_WARN_COMMA = YES;
				CLANG_WARN_CONSTANT_CONVERSION = YES;
				CLANG_WARN_DEPRECATED_OBJC_IMPLEMENTATIONS = YES;
				CLANG_WARN_DIRECT_OBJC_ISA_USAGE = YES_ERROR;
				CLANG_WARN_EMPTY_BODY = YES;
				CLANG_WARN_ENUM_CONVERSION = YES;
				CLANG_WARN_INFINITE_RECURSION = YES;
				CLANG_WARN_INT_CONVERSION = YES;
				CLANG_WARN_NON_LITERAL_NULL_CONVERSION = YES;
				CLANG_WARN_OBJC_IMPLICIT_RETAIN_SELF = YES;
				CLANG_WARN_OBJC_LITERAL_CONVERSION = YES;
				CLANG_WARN_OBJC_ROOT_CLASS = YES_ERROR;
				CLANG_WARN_RANGE_LOOP_ANALYSIS = YES;
				CLANG_WARN_STRICT_PROTOTYPES = YES;
				CLANG_WARN_SUSPICIOUS_MOVE = YES;
				CLANG_WARN_UNREACHABLE_CODE = YES;
				CLANG_WARN__DUPLICATE_METHOD_MATCH = YES;
				"CODE_SIGN_IDENTITY[sdk=iphoneos*]" = "iPhone Developer";
				COPY_PHASE_STRIP = NO;
				ENABLE_STRICT_OBJC_MSGSEND = YES;
				ENABLE_TESTABILITY = YES;
				EXCLUDED_ARCHS = "arm64 i386";
				"EXCLUDED_ARCHS[sdk=iphonesimulator*]" = "arm64 i386";
				GCC_C_LANGUAGE_STANDARD = gnu99;
				GCC_DYNAMIC_NO_PIC = NO;
				GCC_NO_COMMON_BLOCKS = YES;
				GCC_OPTIMIZATION_LEVEL = 0;
				GCC_PREPROCESSOR_DEFINITIONS = (
					"DEBUG=1",
					"$(inherited)",
				);
				GCC_SYMBOLS_PRIVATE_EXTERN = NO;
				GCC_WARN_64_TO_32_BIT_CONVERSION = YES;
				GCC_WARN_ABOUT_RETURN_TYPE = YES_ERROR;
				GCC_WARN_UNDECLARED_SELECTOR = YES;
				GCC_WARN_UNINITIALIZED_AUTOS = YES_AGGRESSIVE;
				GCC_WARN_UNUSED_FUNCTION = YES;
				GCC_WARN_UNUSED_VARIABLE = YES;
				IPHONEOS_DEPLOYMENT_TARGET = 12.0;
				LD_RUNPATH_SEARCH_PATHS = "/usr/lib/swift $(inherited)";
				LIBRARY_SEARCH_PATHS = "\"$(inherited)\"";
				MTL_ENABLE_DEBUG_INFO = YES;
				ONLY_ACTIVE_ARCH = YES;
				PRODUCT_BUNDLE_IDENTIFIER = com.smileid.reactnative;
				SDKROOT = iphoneos;
				SHARED_PRECOMPS_DIR = "";
				"SWIFT_OBJC_BRIDGING_HEADER[arch=*]" = "";
			};
			name = Debug;
		};
		83CBBA211A601CBA00E9B192 /* Release */ = {
			isa = XCBuildConfiguration;
			buildSettings = {
				ALWAYS_SEARCH_USER_PATHS = NO;
				CLANG_ANALYZER_LOCALIZABILITY_NONLOCALIZED = YES;
				CLANG_CXX_LANGUAGE_STANDARD = "gnu++0x";
				CLANG_CXX_LIBRARY = "libc++";
				CLANG_ENABLE_MODULES = YES;
				CLANG_ENABLE_OBJC_ARC = YES;
				CLANG_WARN_BLOCK_CAPTURE_AUTORELEASING = YES;
				CLANG_WARN_BOOL_CONVERSION = YES;
				CLANG_WARN_COMMA = YES;
				CLANG_WARN_CONSTANT_CONVERSION = YES;
				CLANG_WARN_DEPRECATED_OBJC_IMPLEMENTATIONS = YES;
				CLANG_WARN_DIRECT_OBJC_ISA_USAGE = YES_ERROR;
				CLANG_WARN_EMPTY_BODY = YES;
				CLANG_WARN_ENUM_CONVERSION = YES;
				CLANG_WARN_INFINITE_RECURSION = YES;
				CLANG_WARN_INT_CONVERSION = YES;
				CLANG_WARN_NON_LITERAL_NULL_CONVERSION = YES;
				CLANG_WARN_OBJC_IMPLICIT_RETAIN_SELF = YES;
				CLANG_WARN_OBJC_LITERAL_CONVERSION = YES;
				CLANG_WARN_OBJC_ROOT_CLASS = YES_ERROR;
				CLANG_WARN_RANGE_LOOP_ANALYSIS = YES;
				CLANG_WARN_STRICT_PROTOTYPES = YES;
				CLANG_WARN_SUSPICIOUS_MOVE = YES;
				CLANG_WARN_UNREACHABLE_CODE = YES;
				CLANG_WARN__DUPLICATE_METHOD_MATCH = YES;
				"CODE_SIGN_IDENTITY[sdk=iphoneos*]" = "iPhone Developer";
				COPY_PHASE_STRIP = YES;
				ENABLE_NS_ASSERTIONS = NO;
				ENABLE_STRICT_OBJC_MSGSEND = YES;
				EXCLUDED_ARCHS = "arm64 i386";
				"EXCLUDED_ARCHS[sdk=iphonesimulator*]" = "arm64 i386";
				GCC_C_LANGUAGE_STANDARD = gnu99;
				GCC_NO_COMMON_BLOCKS = YES;
				GCC_WARN_64_TO_32_BIT_CONVERSION = YES;
				GCC_WARN_ABOUT_RETURN_TYPE = YES_ERROR;
				GCC_WARN_UNDECLARED_SELECTOR = YES;
				GCC_WARN_UNINITIALIZED_AUTOS = YES_AGGRESSIVE;
				GCC_WARN_UNUSED_FUNCTION = YES;
				GCC_WARN_UNUSED_VARIABLE = YES;
				IPHONEOS_DEPLOYMENT_TARGET = 12.0;
				LD_RUNPATH_SEARCH_PATHS = "/usr/lib/swift $(inherited)";
				LIBRARY_SEARCH_PATHS = "\"$(inherited)\"";
				MTL_ENABLE_DEBUG_INFO = NO;
				ONLY_ACTIVE_ARCH = NO;
				PRODUCT_BUNDLE_IDENTIFIER = com.smileid.reactnative;
				SDKROOT = iphoneos;
				SHARED_PRECOMPS_DIR = "";
				"SWIFT_OBJC_BRIDGING_HEADER[arch=*]" = "";
				VALIDATE_PRODUCT = YES;
			};
			name = Release;
		};
/* End XCBuildConfiguration section */

/* Begin XCConfigurationList section */
		13B07F931A680F5B00A75B9A /* Build configuration list for PBXNativeTarget "SID_RN_Sample" */ = {
			isa = XCConfigurationList;
			buildConfigurations = (
				13B07F941A680F5B00A75B9A /* Debug */,
				13B07F951A680F5B00A75B9A /* Release */,
			);
			defaultConfigurationIsVisible = 0;
			defaultConfigurationName = Release;
		};
		83CBB9FA1A601CBA00E9B192 /* Build configuration list for PBXProject "SID_RN_Sample" */ = {
			isa = XCConfigurationList;
			buildConfigurations = (
				83CBBA201A601CBA00E9B192 /* Debug */,
				83CBBA211A601CBA00E9B192 /* Release */,
			);
			defaultConfigurationIsVisible = 0;
			defaultConfigurationName = Release;
		};
/* End XCConfigurationList section */
	};
	rootObject = 83CBB9F71A601CBA00E9B192 /* Project object */;
}
